
Microsoft Visual Studio Solution File, Format Version 12.00
# Visual Studio Version 17
VisualStudioVersion = 17.4.33213.308
MinimumVisualStudioVersion = 10.0.40219.1
Project("{FAE04EC0-301F-11D3-BF4B-00C04F79EFBC}") = "IceTaskApp", "IceTaskApp\IceTaskApp.csproj", "{7B2C8F8A-C72A-4311-AE4E-80F5D0A95FE9}"
EndProject
Global
	GlobalSection(SolutionConfigurationPlatforms) = preSolution
		Debug|Any CPU = Debug|Any CPU
		Release|Any CPU = Release|Any CPU
	EndGlobalSection
	GlobalSection(ProjectConfigurationPlatforms) = postSolution
		{7B2C8F8A-C72A-4311-AE4E-80F5D0A95FE9}.Debug|Any CPU.ActiveCfg = Debug|Any CPU
		{7B2C8F8A-C72A-4311-AE4E-80F5D0A95FE9}.Debug|Any CPU.Build.0 = Debug|Any CPU
		{7B2C8F8A-C72A-4311-AE4E-80F5D0A95FE9}.Release|Any CPU.ActiveCfg = Release|Any CPU
		{7B2C8F8A-C72A-4311-AE4E-80F5D0A95FE9}.Release|Any CPU.Build.0 = Release|Any CPU
	EndGlobalSection
	GlobalSection(SolutionProperties) = preSolution
		HideSolutionNode = FALSE
	EndGlobalSection
	GlobalSection(ExtensibilityGlobals) = postSolution
		SolutionGuid = {8ACD93B6-B27E-421A-AB58-FB9FE918E321}
	EndGlobalSection
EndGlobal
